
Microsoft Visual Studio Solution File, Format Version 12.00
# Visual Studio Version 16
VisualStudioVersion = 16.0.30804.86
MinimumVisualStudioVersion = 10.0.40219.1
Project("{FAE04EC0-301F-11D3-BF4B-00C04F79EFBC}") = "webpageTest", "webpageTest\webpageTest.csproj", "{0FEA26EB-A882-4187-AB8D-0AC5B47EF60A}"
EndProject
Global
	GlobalSection(SolutionConfigurationPlatforms) = preSolution
		Debug|Any CPU = Debug|Any CPU
		Release|Any CPU = Release|Any CPU
	EndGlobalSection
	GlobalSection(ProjectConfigurationPlatforms) = postSolution
		{0FEA26EB-A882-4187-AB8D-0AC5B47EF60A}.Debug|Any CPU.ActiveCfg = Debug|Any CPU
		{0FEA26EB-A882-4187-AB8D-0AC5B47EF60A}.Debug|Any CPU.Build.0 = Debug|Any CPU
		{0FEA26EB-A882-4187-AB8D-0AC5B47EF60A}.Release|Any CPU.ActiveCfg = Release|Any CPU
		{0FEA26EB-A882-4187-AB8D-0AC5B47EF60A}.Release|Any CPU.Build.0 = Release|Any CPU
	EndGlobalSection
	GlobalSection(SolutionProperties) = preSolution
		HideSolutionNode = FALSE
	EndGlobalSection
	GlobalSection(ExtensibilityGlobals) = postSolution
		SolutionGuid = {803C0199-A86E-4129-B5E5-07E868E0FEB1}
	EndGlobalSection
EndGlobal
